Microsoft Visual Studio Solution File, Format Version 9.00
# Visual Studio 2005
Project("{8BC9CEB8-8B4A-11D0-8D11-00A0C91BC942}") = "DemoSystem", "DemoSystem\DemoSystem.vcproj", "{8CDFC876-EAE0-4EE6-BFC1-8327C5907C60}"
EndProject
Project("{8BC9CEB8-8B4A-11D0-8D11-00A0C91BC942}") = "EngineGrafico", "EngineGrafico\EngineGrafico.vcproj", "{BBA1116B-B985-409D-964E-8F62C5FD27AD}"
EndProject
Project("{8BC9CEB8-8B4A-11D0-8D11-00A0C91BC942}") = "System", "System\System.vcproj", "{F255B16B-ECEC-4FC1-A1B5-79614D746E6D}"
EndProject
Project("{8BC9CEB8-8B4A-11D0-8D11-00A0C91BC942}") = "VJ", "VJ\VJ.vcproj", "{F2015D80-EEB2-43C2-AA4E-939C78D87ED8}"
	ProjectSection(ProjectDependencies) = postProject
		{BBA1116B-B985-409D-964E-8F62C5FD27AD} = {BBA1116B-B985-409D-964E-8F62C5FD27AD}
		{F255B16B-ECEC-4FC1-A1B5-79614D746E6D} = {F255B16B-ECEC-4FC1-A1B5-79614D746E6D}
		{8CDFC876-EAE0-4EE6-BFC1-8327C5907C60} = {8CDFC876-EAE0-4EE6-BFC1-8327C5907C60}
	EndProjectSection
EndProject
Project("{8BC9CEB8-8B4A-11D0-8D11-00A0C91BC942}") = "MyGUI", "MyGUI\MyGUI.vcproj", "{DD484C22-4BD5-4965-BBAF-EA8427E63CB8}"
EndProject
Project("{8BC9CEB8-8B4A-11D0-8D11-00A0C91BC942}") = "FilterMosaic", "FilterMosaic\FilterMosaic.vcproj", "{34606B8A-D890-4CF6-9084-22363F0FC629}"
EndProject
Project("{8BC9CEB8-8B4A-11D0-8D11-00A0C91BC942}") = "Neon", "Neon\Neon.vcproj", "{F68773BF-8023-4D74-8082-D859A7DC5DEE}"
	ProjectSection(ProjectDependencies) = postProject
		{DD484C22-4BD5-4965-BBAF-EA8427E63CB8} = {DD484C22-4BD5-4965-BBAF-EA8427E63CB8}
		{BBA1116B-B985-409D-964E-8F62C5FD27AD} = {BBA1116B-B985-409D-964E-8F62C5FD27AD}
		{F255B16B-ECEC-4FC1-A1B5-79614D746E6D} = {F255B16B-ECEC-4FC1-A1B5-79614D746E6D}
		{8CDFC876-EAE0-4EE6-BFC1-8327C5907C60} = {8CDFC876-EAE0-4EE6-BFC1-8327C5907C60}
		{F2015D80-EEB2-43C2-AA4E-939C78D87ED8} = {F2015D80-EEB2-43C2-AA4E-939C78D87ED8}
	EndProjectSection
EndProject
Project("{8BC9CEB8-8B4A-11D0-8D11-00A0C91BC942}") = "NeonPlayer", "NeonPlayer\NeonPlayer.vcproj", "{8A74367E-7077-4625-98E4-5506F76AFFAF}"
	ProjectSection(ProjectDependencies) = postProject
		{BBA1116B-B985-409D-964E-8F62C5FD27AD} = {BBA1116B-B985-409D-964E-8F62C5FD27AD}
		{F255B16B-ECEC-4FC1-A1B5-79614D746E6D} = {F255B16B-ECEC-4FC1-A1B5-79614D746E6D}
		{8CDFC876-EAE0-4EE6-BFC1-8327C5907C60} = {8CDFC876-EAE0-4EE6-BFC1-8327C5907C60}
		{F2015D80-EEB2-43C2-AA4E-939C78D87ED8} = {F2015D80-EEB2-43C2-AA4E-939C78D87ED8}
	EndProjectSection
EndProject
Global
	GlobalSection(SolutionConfigurationPlatforms) = preSolution
		Debug|Win32 = Debug|Win32
		Release|Win32 = Release|Win32
	EndGlobalSection
	GlobalSection(ProjectConfigurationPlatforms) = postSolution
		{8CDFC876-EAE0-4EE6-BFC1-8327C5907C60}.Debug|Win32.ActiveCfg = Debug|Win32
		{8CDFC876-EAE0-4EE6-BFC1-8327C5907C60}.Debug|Win32.Build.0 = Debug|Win32
		{8CDFC876-EAE0-4EE6-BFC1-8327C5907C60}.Release|Win32.ActiveCfg = Release|Win32
		{8CDFC876-EAE0-4EE6-BFC1-8327C5907C60}.Release|Win32.Build.0 = Release|Win32
		{BBA1116B-B985-409D-964E-8F62C5FD27AD}.Debug|Win32.ActiveCfg = Debug|Win32
		{BBA1116B-B985-409D-964E-8F62C5FD27AD}.Debug|Win32.Build.0 = Debug|Win32
		{BBA1116B-B985-409D-964E-8F62C5FD27AD}.Release|Win32.ActiveCfg = Release|Win32
		{BBA1116B-B985-409D-964E-8F62C5FD27AD}.Release|Win32.Build.0 = Release|Win32
		{F255B16B-ECEC-4FC1-A1B5-79614D746E6D}.Debug|Win32.ActiveCfg = Debug|Win32
		{F255B16B-ECEC-4FC1-A1B5-79614D746E6D}.Debug|Win32.Build.0 = Debug|Win32
		{F255B16B-ECEC-4FC1-A1B5-79614D746E6D}.Release|Win32.ActiveCfg = Release|Win32
		{F255B16B-ECEC-4FC1-A1B5-79614D746E6D}.Release|Win32.Build.0 = Release|Win32
		{F2015D80-EEB2-43C2-AA4E-939C78D87ED8}.Debug|Win32.ActiveCfg = Debug|Win32
		{F2015D80-EEB2-43C2-AA4E-939C78D87ED8}.Debug|Win32.Build.0 = Debug|Win32
		{F2015D80-EEB2-43C2-AA4E-939C78D87ED8}.Release|Win32.ActiveCfg = Release|Win32
		{F2015D80-EEB2-43C2-AA4E-939C78D87ED8}.Release|Win32.Build.0 = Release|Win32
		{DD484C22-4BD5-4965-BBAF-EA8427E63CB8}.Debug|Win32.ActiveCfg = Debug|Win32
		{DD484C22-4BD5-4965-BBAF-EA8427E63CB8}.Debug|Win32.Build.0 = Debug|Win32
		{DD484C22-4BD5-4965-BBAF-EA8427E63CB8}.Release|Win32.ActiveCfg = Release|Win32
		{DD484C22-4BD5-4965-BBAF-EA8427E63CB8}.Release|Win32.Build.0 = Release|Win32
		{34606B8A-D890-4CF6-9084-22363F0FC629}.Debug|Win32.ActiveCfg = Debug|Win32
		{34606B8A-D890-4CF6-9084-22363F0FC629}.Debug|Win32.Build.0 = Debug|Win32
		{34606B8A-D890-4CF6-9084-22363F0FC629}.Release|Win32.ActiveCfg = Release|Win32
		{34606B8A-D890-4CF6-9084-22363F0FC629}.Release|Win32.Build.0 = Release|Win32
		{F68773BF-8023-4D74-8082-D859A7DC5DEE}.Debug|Win32.ActiveCfg = Debug|Win32
		{F68773BF-8023-4D74-8082-D859A7DC5DEE}.Debug|Win32.Build.0 = Debug|Win32
		{F68773BF-8023-4D74-8082-D859A7DC5DEE}.Release|Win32.ActiveCfg = Release|Win32
		{F68773BF-8023-4D74-8082-D859A7DC5DEE}.Release|Win32.Build.0 = Release|Win32
		{8A74367E-7077-4625-98E4-5506F76AFFAF}.Debug|Win32.ActiveCfg = Debug|Win32
		{8A74367E-7077-4625-98E4-5506F76AFFAF}.Debug|Win32.Build.0 = Debug|Win32
		{8A74367E-7077-4625-98E4-5506F76AFFAF}.Release|Win32.ActiveCfg = Release|Win32
		{8A74367E-7077-4625-98E4-5506F76AFFAF}.Release|Win32.Build.0 = Release|Win32
	EndGlobalSection
	GlobalSection(SolutionProperties) = preSolution
		HideSolutionNode = FALSE
	EndGlobalSection
EndGlobal
